
Microsoft Visual Studio Solution File, Format Version 12.00
# Visual Studio 14
VisualStudioVersion = 14.0.25420.1
MinimumVisualStudioVersion = 10.0.40219.1
Project("{FAE04EC0-301F-11D3-BF4B-00C04F79EFBC}") = "BudgetOnline", "BudgetOnline\BudgetOnline.csproj", "{3FD945CB-5CD1-442B-AFF9-426CAF94BBE9}"
EndProject
Project("{FAE04EC0-301F-11D3-BF4B-00C04F79EFBC}") = "BudgetOnline.Tests", "BudgetOnline.Tests\BudgetOnline.Tests.csproj", "{E0DB21E3-D987-4720-A273-37B3A6BC7FEC}"
EndProject
Global
	GlobalSection(SolutionConfigurationPlatforms) = preSolution
		Debug|Any CPU = Debug|Any CPU
		Release|Any CPU = Release|Any CPU
	EndGlobalSection
	GlobalSection(ProjectConfigurationPlatforms) = postSolution
		{3FD945CB-5CD1-442B-AFF9-426CAF94BBE9}.Debug|Any CPU.ActiveCfg = Debug|Any CPU
		{3FD945CB-5CD1-442B-AFF9-426CAF94BBE9}.Debug|Any CPU.Build.0 = Debug|Any CPU
		{3FD945CB-5CD1-442B-AFF9-426CAF94BBE9}.Release|Any CPU.ActiveCfg = Release|Any CPU
		{3FD945CB-5CD1-442B-AFF9-426CAF94BBE9}.Release|Any CPU.Build.0 = Release|Any CPU
		{E0DB21E3-D987-4720-A273-37B3A6BC7FEC}.Debug|Any CPU.ActiveCfg = Debug|Any CPU
		{E0DB21E3-D987-4720-A273-37B3A6BC7FEC}.Debug|Any CPU.Build.0 = Debug|Any CPU
		{E0DB21E3-D987-4720-A273-37B3A6BC7FEC}.Release|Any CPU.ActiveCfg = Release|Any CPU
		{E0DB21E3-D987-4720-A273-37B3A6BC7FEC}.Release|Any CPU.Build.0 = Release|Any CPU
	EndGlobalSection
	GlobalSection(SolutionProperties) = preSolution
		HideSolutionNode = FALSE
	EndGlobalSection
EndGlobal
